
Microsoft Visual Studio Solution File, Format Version 12.00
# Visual Studio Version 16
VisualStudioVersion = 16.0.31402.337
MinimumVisualStudioVersion = 10.0.40219.1
Project("{FAE04EC0-301F-11D3-BF4B-00C04F79EFBC}") = "WiredTransactionAuthorizationSystem", "WiredTransactionAuthorizationSystem\WiredTransactionAuthorizationSystem.csproj", "{53128965-7C1E-4F7B-B91C-2ADE4F574AEB}"
EndProject
Global
	GlobalSection(SolutionConfigurationPlatforms) = preSolution
		Debug|Any CPU = Debug|Any CPU
		Release|Any CPU = Release|Any CPU
	EndGlobalSection
	GlobalSection(ProjectConfigurationPlatforms) = postSolution
		{53128965-7C1E-4F7B-B91C-2ADE4F574AEB}.Debug|Any CPU.ActiveCfg = Debug|Any CPU
		{53128965-7C1E-4F7B-B91C-2ADE4F574AEB}.Debug|Any CPU.Build.0 = Debug|Any CPU
		{53128965-7C1E-4F7B-B91C-2ADE4F574AEB}.Release|Any CPU.ActiveCfg = Release|Any CPU
		{53128965-7C1E-4F7B-B91C-2ADE4F574AEB}.Release|Any CPU.Build.0 = Release|Any CPU
	EndGlobalSection
	GlobalSection(SolutionProperties) = preSolution
		HideSolutionNode = FALSE
	EndGlobalSection
	GlobalSection(ExtensibilityGlobals) = postSolution
		SolutionGuid = {66D1384B-B0EF-4A87-ABE6-4B2D8D406776}
	EndGlobalSection
EndGlobal
